
Microsoft Visual Studio Solution File, Format Version 12.00
# Visual Studio 2013
VisualStudioVersion = 12.0.21005.1
MinimumVisualStudioVersion = 10.0.40219.1
Project("{FAE04EC0-301F-11D3-BF4B-00C04F79EFBC}") = "BankAppForm.Soap", "BankAppForm.Soap\BankAppForm.Soap.csproj", "{F1155DAB-8136-48D6-9F13-8027A79AB26A}"
EndProject
Project("{FAE04EC0-301F-11D3-BF4B-00C04F79EFBC}") = "BankAppForm.Pure", "BankAppForm.Pure\BankAppForm.Pure.csproj", "{F4D4008B-A7A8-42FF-AB11-DB28465C1B16}"
EndProject
Project("{FAE04EC0-301F-11D3-BF4B-00C04F79EFBC}") = "BankAppForm.RestApi", "BankAppForm.RestApi\BankAppForm.RestApi.csproj", "{87A8E271-1740-4F5C-B6B3-B0F6A5BE39C8}"
EndProject
Global
	GlobalSection(SolutionConfigurationPlatforms) = preSolution
		Debug|Any CPU = Debug|Any CPU
		Release|Any CPU = Release|Any CPU
	EndGlobalSection
	GlobalSection(ProjectConfigurationPlatforms) = postSolution
		{F1155DAB-8136-48D6-9F13-8027A79AB26A}.Debug|Any CPU.ActiveCfg = Debug|Any CPU
		{F1155DAB-8136-48D6-9F13-8027A79AB26A}.Debug|Any CPU.Build.0 = Debug|Any CPU
		{F1155DAB-8136-48D6-9F13-8027A79AB26A}.Release|Any CPU.ActiveCfg = Release|Any CPU
		{F1155DAB-8136-48D6-9F13-8027A79AB26A}.Release|Any CPU.Build.0 = Release|Any CPU
		{F4D4008B-A7A8-42FF-AB11-DB28465C1B16}.Debug|Any CPU.ActiveCfg = Debug|Any CPU
		{F4D4008B-A7A8-42FF-AB11-DB28465C1B16}.Debug|Any CPU.Build.0 = Debug|Any CPU
		{F4D4008B-A7A8-42FF-AB11-DB28465C1B16}.Release|Any CPU.ActiveCfg = Release|Any CPU
		{F4D4008B-A7A8-42FF-AB11-DB28465C1B16}.Release|Any CPU.Build.0 = Release|Any CPU
		{87A8E271-1740-4F5C-B6B3-B0F6A5BE39C8}.Debug|Any CPU.ActiveCfg = Debug|Any CPU
		{87A8E271-1740-4F5C-B6B3-B0F6A5BE39C8}.Debug|Any CPU.Build.0 = Debug|Any CPU
		{87A8E271-1740-4F5C-B6B3-B0F6A5BE39C8}.Release|Any CPU.ActiveCfg = Release|Any CPU
		{87A8E271-1740-4F5C-B6B3-B0F6A5BE39C8}.Release|Any CPU.Build.0 = Release|Any CPU
	EndGlobalSection
	GlobalSection(SolutionProperties) = preSolution
		HideSolutionNode = FALSE
	EndGlobalSection
	GlobalSection(ExtensibilityGlobals) = postSolution
		SolutionGuid = {886A8D2D-A288-4F45-9572-3C7CB36106AC}
	EndGlobalSection
EndGlobal
